
Microsoft Visual Studio Solution File, Format Version 12.00
# Visual Studio Version 16
VisualStudioVersion = 16.0.30717.126
MinimumVisualStudioVersion = 10.0.40219.1
Project("{FAE04EC0-301F-11D3-BF4B-00C04F79EFBC}") = "TMS.DotNet06.DayInputHandler", "src\TMS.DotNet06.DayInputHandler\TMS.DotNet06.DayInputHandler.csproj", "{8D767ED0-61B9-46CB-A7EF-804241DF060E}"
EndProject
Global
	GlobalSection(SolutionConfigurationPlatforms) = preSolution
		Debug|Any CPU = Debug|Any CPU
		Release|Any CPU = Release|Any CPU
	EndGlobalSection
	GlobalSection(ProjectConfigurationPlatforms) = postSolution
		{8D767ED0-61B9-46CB-A7EF-804241DF060E}.Debug|Any CPU.ActiveCfg = Debug|Any CPU
		{8D767ED0-61B9-46CB-A7EF-804241DF060E}.Debug|Any CPU.Build.0 = Debug|Any CPU
		{8D767ED0-61B9-46CB-A7EF-804241DF060E}.Release|Any CPU.ActiveCfg = Release|Any CPU
		{8D767ED0-61B9-46CB-A7EF-804241DF060E}.Release|Any CPU.Build.0 = Release|Any CPU
	EndGlobalSection
	GlobalSection(SolutionProperties) = preSolution
		HideSolutionNode = FALSE
	EndGlobalSection
	GlobalSection(ExtensibilityGlobals) = postSolution
		SolutionGuid = {E42192A7-358F-473E-A5BF-310910AD6326}
	EndGlobalSection
EndGlobal
