
Microsoft Visual Studio Solution File, Format Version 12.00
# Visual Studio Version 16
VisualStudioVersion = 16.0.30717.126
MinimumVisualStudioVersion = 10.0.40219.1
Project("{FAE04EC0-301F-11D3-BF4B-00C04F79EFBC}") = "TMS.DotNet06.DateInputHandler", "src\TMS.DotNet06.DateInputHandler\TMS.DotNet06.DateInputHandler.csproj", "{0BC39A75-C7E6-44CC-8DF2-73A8BAA7A43F}"
Project("{FAE04EC0-301F-11D3-BF4B-00C04F79EFBC}") = "TMS.DotNet06.TaskList", "src\TMS.DotNet06.TaskList\TMS.DotNet06.TaskList.csproj", "{2E0C0391-53A7-4022-B307-D98409015D1B}"
EndProject
Global
	GlobalSection(SolutionConfigurationPlatforms) = preSolution
		Debug|Any CPU = Debug|Any CPU
		Release|Any CPU = Release|Any CPU
	EndGlobalSection
	GlobalSection(ProjectConfigurationPlatforms) = postSolution
		{0BC39A75-C7E6-44CC-8DF2-73A8BAA7A43F}.Debug|Any CPU.ActiveCfg = Debug|Any CPU
		{0BC39A75-C7E6-44CC-8DF2-73A8BAA7A43F}.Debug|Any CPU.Build.0 = Debug|Any CPU
		{0BC39A75-C7E6-44CC-8DF2-73A8BAA7A43F}.Release|Any CPU.ActiveCfg = Release|Any CPU
		{0BC39A75-C7E6-44CC-8DF2-73A8BAA7A43F}.Release|Any CPU.Build.0 = Release|Any CP
		{2E0C0391-53A7-4022-B307-D98409015D1B}.Debug|Any CPU.ActiveCfg = Debug|Any CPU
		{2E0C0391-53A7-4022-B307-D98409015D1B}.Debug|Any CPU.Build.0 = Debug|Any CPU
		{2E0C0391-53A7-4022-B307-D98409015D1B}.Release|Any CPU.ActiveCfg = Release|Any CPU
		{2E0C0391-53A7-4022-B307-D98409015D1B}.Release|Any CPU.Build.0 = Release|Any CPU
	EndGlobalSection
	GlobalSection(SolutionProperties) = preSolution
		HideSolutionNode = FALSE
	EndGlobalSection
	GlobalSection(ExtensibilityGlobals) = postSolution
		SolutionGuid = {E42192A7-358F-473E-A5BF-310910AD6326}
	EndGlobalSection
EndGlobal
